
Microsoft Visual Studio Solution File, Format Version 12.00
# Visual Studio 15
VisualStudioVersion = 15.0.28307.852
MinimumVisualStudioVersion = 10.0.40219.1
Project("{FAE04EC0-301F-11D3-BF4B-00C04F79EFBC}") = "EjercicioCalculadora", "EjercicioCalculadora\EjercicioCalculadora.csproj", "{7424190B-B4F5-43A3-88C1-2B8AF8266B51}"
EndProject
Global
	GlobalSection(SolutionConfigurationPlatforms) = preSolution
		Debug|Any CPU = Debug|Any CPU
		Release|Any CPU = Release|Any CPU
	EndGlobalSection
	GlobalSection(ProjectConfigurationPlatforms) = postSolution
		{7424190B-B4F5-43A3-88C1-2B8AF8266B51}.Debug|Any CPU.ActiveCfg = Debug|Any CPU
		{7424190B-B4F5-43A3-88C1-2B8AF8266B51}.Debug|Any CPU.Build.0 = Debug|Any CPU
		{7424190B-B4F5-43A3-88C1-2B8AF8266B51}.Release|Any CPU.ActiveCfg = Release|Any CPU
		{7424190B-B4F5-43A3-88C1-2B8AF8266B51}.Release|Any CPU.Build.0 = Release|Any CPU
	EndGlobalSection
	GlobalSection(SolutionProperties) = preSolution
		HideSolutionNode = FALSE
	EndGlobalSection
	GlobalSection(ExtensibilityGlobals) = postSolution
		SolutionGuid = {007D8F31-CE46-4D9F-BA8D-FCE8129567B9}
	EndGlobalSection
EndGlobal
